PODS:
  - behavior_analytics_flutter_sdk (0.5.16):
    - CSBehavior (= 5.0.1)
    - Flutter
  - CSBehavior (5.0.1)
  - Flutter (1.0.0)

DEPENDENCIES:
  - behavior_analytics_flutter_sdk (from `.symlinks/plugins/behavior_analytics_flutter_sdk/ios`)
  - Flutter (from `Flutter`)

SPEC REPOS:
  https://dev.azure.com/CS-PublicPackages/Behavior/_git/BehaviorAnalytics.SDK.IOS.Specs:
    - CSBehavior

EXTERNAL SOURCES:
  behavior_analytics_flutter_sdk:
    :path: ".symlinks/plugins/behavior_analytics_flutter_sdk/ios"
  Flutter:
    :path: Flutter

SPEC CHECKSUMS:
  behavior_analytics_flutter_sdk: 5f3cb1c4b129ee726c51ec65da4f1f5ef1b7ee67
  CSBehavior: 6aebf20b578b3ab24b4ee6522f0de93a016a7c32
  Flutter: e0871f40cf51350855a761d2e70bf5af5b9b5de7

PODFILE CHECKSUM: 0c4e67027057452a4b6bc2684c8ee6427c1bbf8f

COCOAPODS: 1.15.2
